<?xml version="1.0" encoding="utf-8"?>
<Project ToolsVersion="4.0" xmlns="http://schemas.microsoft.com/developer/msbuild/2003">
  <ItemGroup>
    <Filter Include="Source Files">
      <UniqueIdentifier>{4FC737F1-C7A5-4376-A066-2A32D752A2FF}</UniqueIdentifier>
      <Extensions>cpp;c;cc;cxx;c++;cppm;ixx;def;odl;idl;hpj;bat;asm;asmx</Extensions>
    </Filter>
    <Filter Include="Header Files">
      <UniqueIdentifier>{93995380-89BD-4b04-88EB-625FBE52EBFB}</UniqueIdentifier>
      <Extensions>h;hh;hpp;hxx;h++;hm;inl;inc;ipp;xsd</Extensions>
    </Filter>
    <Filter Include="Resource Files">
      <UniqueIdentifier>{67DA6AB6-F800-4c08-8B7A-83BB121AAD01}</UniqueIdentifier>
      <Extensions>rc;ico;cur;bmp;dlg;rc2;rct;bin;rgs;gif;jpg;jpeg;jpe;resx;tiff;tif;png;wav;mfcribbon-ms</Extensions>
    </Filter>
  </ItemGroup>
  <ItemGroup>
    <ClCompile Include="src\EngineModuleOpenGL46\OpenGLObject.cpp">
      <Filter>Source Files</Filter>
    </ClCompile>
    <ClCompile Include="..\api\glad\src\glad.c">
      <Filter>Source Files</Filter>
    </ClCompile>
    <ClCompile Include="src\EngineModuleOpenGL46\Control\PlatformController.cpp">
      <Filter>Source Files</Filter>
    </ClCompile>
    <ClCompile Include="src\EngineModuleOpenGL46\RenderSystem.cpp">
      <Filter>Source Files</Filter>
    </ClCompile>
    <ClCompile Include="src\EngineModuleOpenGL46\Subsystem\BaseSubsystem.cpp">
      <Filter>Source Files</Filter>
    </ClCompile>
    <ClCompile Include="src\EngineModuleOpenGL46\Subsystem\AmbientOcclusionSubsystem.cpp">
      <Filter>Source Files</Filter>
    </ClCompile>
    <ClCompile Include="src\EngineModuleOpenGL46\Buffer\FrameBuffer.cpp">
      <Filter>Source Files</Filter>
    </ClCompile>
    <ClCompile Include="src\EngineModuleOpenGL46\Buffer\GeometryBuffer.cpp">
      <Filter>Source Files</Filter>
    </ClCompile>
    <ClCompile Include="src\EngineModuleOpenGL46\RenderObject.cpp">
      <Filter>Source Files</Filter>
    </ClCompile>
    <ClCompile Include="src\EngineModuleOpenGL46\RenderInterface.cpp">
      <Filter>Source Files</Filter>
    </ClCompile>
    <ClCompile Include="src\EngineModuleOpenGL46\SystemComponent.cpp">
      <Filter>Source Files</Filter>
    </ClCompile>
    <ClCompile Include="src\EngineModuleOpenGL46\Buffer\DepthBuffer.cpp">
      <Filter>Source Files</Filter>
    </ClCompile>
    <ClCompile Include="src\EngineModuleOpenGL46\Buffer\SSAOBlurBuffer.cpp">
      <Filter>Source Files</Filter>
    </ClCompile>
    <ClCompile Include="src\EngineModuleOpenGL46\Buffer\SSAOColorBuffer.cpp">
      <Filter>Source Files</Filter>
    </ClCompile>
    <ClCompile Include="src\EngineModuleOpenGL46\ObjectView.cpp">
      <Filter>Source Files</Filter>
    </ClCompile>
    <ClCompile Include="src\EngineModuleOpenGL46\Buffer\ColorBuffer.cpp">
      <Filter>Source Files</Filter>
    </ClCompile>
    <ClCompile Include="src\EngineModuleOpenGL46\Drawable.cpp">
      <Filter>Source Files</Filter>
    </ClCompile>
  </ItemGroup>
  <ItemGroup>
    <ClInclude Include="src\EngineModuleOpenGL46\OpenGLObject.h">
      <Filter>Header Files</Filter>
    </ClInclude>
    <ClInclude Include="src\EngineModuleOpenGL46\Mesh\Mesh.h">
      <Filter>Header Files</Filter>
    </ClInclude>
    <ClInclude Include="src\EngineModuleOpenGL46\Shader\Shader.h">
      <Filter>Header Files</Filter>
    </ClInclude>
    <ClInclude Include="src\EngineModuleOpenGL46\Model\Model.h">
      <Filter>Header Files</Filter>
    </ClInclude>
    <ClInclude Include="src\EngineModuleOpenGL46\Control\PlatformController.h">
      <Filter>Header Files</Filter>
    </ClInclude>
    <ClInclude Include="src\EngineModuleOpenGL46\RenderSystem.h">
      <Filter>Header Files</Filter>
    </ClInclude>
    <ClInclude Include="src\EngineModuleOpenGL46\Subsystem\BaseSubsystem.h">
      <Filter>Header Files</Filter>
    </ClInclude>
    <ClInclude Include="src\EngineModuleOpenGL46\Subsystem\AmbientOcclusionSubsystem.h">
      <Filter>Header Files</Filter>
    </ClInclude>
    <ClInclude Include="src\EngineModuleOpenGL46\Buffer\FrameBuffer.h">
      <Filter>Header Files</Filter>
    </ClInclude>
    <ClInclude Include="src\EngineModuleOpenGL46\Buffer\GeometryBuffer.h">
      <Filter>Header Files</Filter>
    </ClInclude>
    <ClInclude Include="src\EngineModuleOpenGL46\RenderInterface.h">
      <Filter>Header Files</Filter>
    </ClInclude>
    <ClInclude Include="src\EngineModuleOpenGL46\RenderObject.h">
      <Filter>Header Files</Filter>
    </ClInclude>
    <ClInclude Include="src\EngineModuleOpenGL46\SystemComponent.h">
      <Filter>Header Files</Filter>
    </ClInclude>
    <ClInclude Include="src\EngineModuleOpenGL46\Buffer\DepthBuffer.h">
      <Filter>Header Files</Filter>
    </ClInclude>
    <ClInclude Include="src\EngineModuleOpenGL46\Buffer\SSAOColorBuffer.h">
      <Filter>Header Files</Filter>
    </ClInclude>
    <ClInclude Include="src\EngineModuleOpenGL46\Buffer\SSAOBlurBuffer.h">
      <Filter>Header Files</Filter>
    </ClInclude>
    <ClInclude Include="src\EngineModuleOpenGL46\ObjectView.h">
      <Filter>Header Files</Filter>
    </ClInclude>
    <ClInclude Include="src\EngineModuleOpenGL46\Model\Primitive.h">
      <Filter>Header Files</Filter>
    </ClInclude>
    <ClInclude Include="src\EngineModuleOpenGL46\Drawable.h">
      <Filter>Header Files</Filter>
    </ClInclude>
    <ClInclude Include="src\EngineModuleOpenGL46\Buffer\ColorBuffer.h">
      <Filter>Header Files</Filter>
    </ClInclude>
    <ClInclude Include="src\EngineModuleOpenGL46\Model\RenderQuad.h">
      <Filter>Header Files</Filter>
    </ClInclude>
  </ItemGroup>
</Project>